PODS:
  - AppLovinSDK (13.2.0)
  - Capacitor (7.6.9):
    - CapacitorCordova
  - CapacitorApp (7.1.2):
    - Capacitor
  - CapacitorCordova (7.6.9)
  - CapacitorHaptics (7.0.5):
    - Capacitor
  - CapacitorLocalNotifications (7.0.7):
    - Capacitor
  - CapawesomeCapacitorAppReview (7.0.1):
    - Capacitor
  - CordovaPluginsStatic (7.6.9):
    - AppLovinSDK (= 13.2.0)
    - CapacitorCordova
  - PurchasesHybridCommon (17.25.0):
    - RevenueCat (= 5.51.1)
  - RevenueCat (5.51.1)
  - RevenuecatPurchasesCapacitor (11.3.2):
    - Capacitor
    - PurchasesHybridCommon (= 17.25.0)

DEPENDENCIES:
  - "Capacitor (from `../../node_modules/@capacitor/ios`)"
  - "CapacitorApp (from `../../node_modules/@capacitor/app`)"
  - "CapacitorCordova (from `../../node_modules/@capacitor/ios`)"
  - "CapacitorHaptics (from `../../node_modules/@capacitor/haptics`)"
  - "CapacitorLocalNotifications (from `../../node_modules/@capacitor/local-notifications`)"
  - "CapawesomeCapacitorAppReview (from `../../node_modules/@capawesome/capacitor-app-review`)"
  - CordovaPluginsStatic (from `../capacitor-cordova-ios-plugins`)
  - "RevenuecatPurchasesCapacitor (from `../../node_modules/@revenuecat/purchases-capacitor`)"

SPEC REPOS:
  trunk:
    - AppLovinSDK
    - PurchasesHybridCommon
    - RevenueCat

EXTERNAL SOURCES:
  Capacitor:
    :path: "../../node_modules/@capacitor/ios"
  CapacitorApp:
    :path: "../../node_modules/@capacitor/app"
  CapacitorCordova:
    :path: "../../node_modules/@capacitor/ios"
  CapacitorHaptics:
    :path: "../../node_modules/@capacitor/haptics"
  CapacitorLocalNotifications:
    :path: "../../node_modules/@capacitor/local-notifications"
  CapawesomeCapacitorAppReview:
    :path: "../../node_modules/@capawesome/capacitor-app-review"
  CordovaPluginsStatic:
    :path: "../capacitor-cordova-ios-plugins"
  RevenuecatPurchasesCapacitor:
    :path: "../../node_modules/@revenuecat/purchases-capacitor"

SPEC CHECKSUMS:
  AppLovinSDK: 1eb88a82b4feea9f3696ce9cc1e3343c4997ee12
  Capacitor: 1194c38ae1cc820671aefd94c59ebcbca2f33b26
  CapacitorApp: 6b89831465d6bc99bc89779b1b7f5327e33011ce
  CapacitorCordova: 2080fc0d6bfbc9dcc0e6d88e77fa624190d343ca
  CapacitorHaptics: ec024a10130c230743219149c76a02da5cff6aed
  CapacitorLocalNotifications: f8ccb7e9c9056a23f415398e51825594e953af3a
  CapawesomeCapacitorAppReview: d21a583169b99c7b6071fa9b8b3e668f05dfa4fd
  CordovaPluginsStatic: f298de1a7d977d9c56a2a4d909a044d6346c45b5
  PurchasesHybridCommon: 6a79a873ab52f777bfa36e9516f3fcd84d3b3428
  RevenueCat: eab035bbab271faccfef5c36eaff2a1ffef14dc0
  RevenuecatPurchasesCapacitor: 17db9f0b99ec5c4055d84af83d38bc5038f50ff2

PODFILE CHECKSUM: 7ab157ca295e051f5e6b9eabd8a636b8e9f5d9fc

COCOAPODS: 1.15.2
